
Microsoft Visual Studio Solution File, Format Version 12.00
# Visual Studio 15
VisualStudioVersion = 15.0.27703.2000
MinimumVisualStudioVersion = 10.0.40219.1
Project("{9A19103F-16F7-4668-BE54-9A1E7A4F7556}") = "AuthorizationService.Api", "AuthorizationService.Api\AuthorizationService.Api.csproj", "{02EF75FA-BF5B-4BCE-AF34-D6BEC00A988A}"
EndProject
Project("{FAE04EC0-301F-11D3-BF4B-00C04F79EFBC}") = "AuthorizationService.Repositories", "AuthorizationService.Repositories\AuthorizationService.Repositories.csproj", "{A6FD174F-88A5-460B-84E2-677DB078E8C7}"
EndProject
Project("{FAE04EC0-301F-11D3-BF4B-00C04F79EFBC}") = "AuthorizationService.Business", "AuthorizationService.Business\AuthorizationService.Business.csproj", "{6840647C-7F6C-4F23-9F30-3D79A8A0244B}"
EndProject
Global
	GlobalSection(SolutionConfigurationPlatforms) = preSolution
		Debug|Any CPU = Debug|Any CPU
		Release|Any CPU = Release|Any CPU
	EndGlobalSection
	GlobalSection(ProjectConfigurationPlatforms) = postSolution
		{02EF75FA-BF5B-4BCE-AF34-D6BEC00A988A}.Debug|Any CPU.ActiveCfg = Debug|Any CPU
		{02EF75FA-BF5B-4BCE-AF34-D6BEC00A988A}.Debug|Any CPU.Build.0 = Debug|Any CPU
		{02EF75FA-BF5B-4BCE-AF34-D6BEC00A988A}.Release|Any CPU.ActiveCfg = Release|Any CPU
		{02EF75FA-BF5B-4BCE-AF34-D6BEC00A988A}.Release|Any CPU.Build.0 = Release|Any CPU
		{A6FD174F-88A5-460B-84E2-677DB078E8C7}.Debug|Any CPU.ActiveCfg = Debug|Any CPU
		{A6FD174F-88A5-460B-84E2-677DB078E8C7}.Debug|Any CPU.Build.0 = Debug|Any CPU
		{A6FD174F-88A5-460B-84E2-677DB078E8C7}.Release|Any CPU.ActiveCfg = Release|Any CPU
		{A6FD174F-88A5-460B-84E2-677DB078E8C7}.Release|Any CPU.Build.0 = Release|Any CPU
		{6840647C-7F6C-4F23-9F30-3D79A8A0244B}.Debug|Any CPU.ActiveCfg = Debug|Any CPU
		{6840647C-7F6C-4F23-9F30-3D79A8A0244B}.Debug|Any CPU.Build.0 = Debug|Any CPU
		{6840647C-7F6C-4F23-9F30-3D79A8A0244B}.Release|Any CPU.ActiveCfg = Release|Any CPU
		{6840647C-7F6C-4F23-9F30-3D79A8A0244B}.Release|Any CPU.Build.0 = Release|Any CPU
	EndGlobalSection
	GlobalSection(SolutionProperties) = preSolution
		HideSolutionNode = FALSE
	EndGlobalSection
	GlobalSection(ExtensibilityGlobals) = postSolution
		SolutionGuid = {38D3F6CD-32B3-4371-9631-C5A7C82FC6D6}
	EndGlobalSection
EndGlobal
